<Solution>
    <Folder Name="/ソリューション項目/">
        <File Path="Directory.build.props" />
    </Folder>
    <Project Path="Pcysl5edgo.RedundantPath.Tests/Pcysl5edgo.RedundantPath.Tests.csproj" Id="cd00220b-6e40-48d8-b978-d37a1b40918b" />
    <Project Path="Pcysl5edgo.RedundantPath/Pcysl5edgo.RedundantPath.csproj" Id="d4a91810-a7fc-44a8-be19-9ec062a1d738" />
    <Project Path="Pcysl5edgo.RedundantPath.Benchmark/Pcysl5edgo.RedundantPath.Benchmark.csproj" />
</Solution>
